
Microsoft Visual Studio Solution File, Format Version 12.00
# Visual Studio Version 17
VisualStudioVersion = 17.0.31903.59
MinimumVisualStudioVersion = 10.0.40219.1
Project("{2150E333-8FDC-42A3-9474-1A3956D46DE8}") = "src", "src", "{827E0CD3-B72D-47B6-A68D-7590B98EB39B}"
EndProject
Project("{FAE04EC0-301F-11D3-BF4B-00C04F79EFBC}") = "WindowsDoctorAI.AI", "src\WindowsDoctorAI.AI\WindowsDoctorAI.AI.csproj", "{D1D4F927-E215-4117-9BF3-582EC64AB225}"
EndProject
Project("{FAE04EC0-301F-11D3-BF4B-00C04F79EFBC}") = "WindowsDoctorAI.Application", "src\WindowsDoctorAI.Application\WindowsDoctorAI.Application.csproj", "{CC1C019A-9764-4C6B-8223-7A3A9C0CE434}"
EndProject
Project("{FAE04EC0-301F-11D3-BF4B-00C04F79EFBC}") = "WindowsDoctorAI.Core", "src\WindowsDoctorAI.Core\WindowsDoctorAI.Core.csproj", "{1937C839-3432-42CE-B3F2-B3F4E0CAAB38}"
EndProject
Project("{FAE04EC0-301F-11D3-BF4B-00C04F79EFBC}") = "WindowsDoctorAI.Database", "src\WindowsDoctorAI.Database\WindowsDoctorAI.Database.csproj", "{56AA4DB0-48D3-491A-83A4-187761F057CB}"
EndProject
Project("{FAE04EC0-301F-11D3-BF4B-00C04F79EFBC}") = "WindowsDoctorAI.Diagnostics", "src\WindowsDoctorAI.Diagnostics\WindowsDoctorAI.Diagnostics.csproj", "{65E6A034-CE6D-4877-9369-04813D82023C}"
EndProject
Project("{FAE04EC0-301F-11D3-BF4B-00C04F79EFBC}") = "WindowsDoctorAI.Domain", "src\WindowsDoctorAI.Domain\WindowsDoctorAI.Domain.csproj", "{39B7F0A6-52C4-48F7-B30B-95B589602AAD}"
EndProject
Project("{FAE04EC0-301F-11D3-BF4B-00C04F79EFBC}") = "WindowsDoctorAI.Infrastructure", "src\WindowsDoctorAI.Infrastructure\WindowsDoctorAI.Infrastructure.csproj", "{86BE54FC-E735-46FB-B8EE-66336C424FED}"
EndProject
Project("{FAE04EC0-301F-11D3-BF4B-00C04F79EFBC}") = "WindowsDoctorAI.Repair", "src\WindowsDoctorAI.Repair\WindowsDoctorAI.Repair.csproj", "{E39A4934-0412-47D4-A735-CE45DC2BD3FE}"
EndProject
Project("{FAE04EC0-301F-11D3-BF4B-00C04F79EFBC}") = "WindowsDoctorAI.Reporting", "src\WindowsDoctorAI.Reporting\WindowsDoctorAI.Reporting.csproj", "{E9D8F4BB-36AB-4C6D-9631-5954C5D4F4D6}"
EndProject
Project("{FAE04EC0-301F-11D3-BF4B-00C04F79EFBC}") = "WindowsDoctorAI.Tests", "tests\WindowsDoctorAI.Tests\WindowsDoctorAI.Tests.csproj", "{7013ED6F-BDF8-4A41-A3D8-26FB2CFB2EEA}"
EndProject
Project("{FAE04EC0-301F-11D3-BF4B-00C04F79EFBC}") = "WindowsDoctorAI.App", "src\WindowsDoctorAI.App\WindowsDoctorAI.App.csproj", "{37CBA111-0F8E-4C0D-BFE5-60C50C63AB7B}"
EndProject
Global
	GlobalSection(SolutionConfigurationPlatforms) = preSolution
		Debug|Any CPU = Debug|Any CPU
		Debug|x64 = Debug|x64
		Debug|x86 = Debug|x86
		Release|Any CPU = Release|Any CPU
		Release|x64 = Release|x64
		Release|x86 = Release|x86
	EndGlobalSection
	GlobalSection(ProjectConfigurationPlatforms) = postSolution
		{D1D4F927-E215-4117-9BF3-582EC64AB225}.Debug|Any CPU.ActiveCfg = Debug|Any CPU
		{D1D4F927-E215-4117-9BF3-582EC64AB225}.Debug|Any CPU.Build.0 = Debug|Any CPU
		{D1D4F927-E215-4117-9BF3-582EC64AB225}.Debug|x64.ActiveCfg = Debug|Any CPU
		{D1D4F927-E215-4117-9BF3-582EC64AB225}.Debug|x64.Build.0 = Debug|Any CPU
		{D1D4F927-E215-4117-9BF3-582EC64AB225}.Debug|x86.ActiveCfg = Debug|Any CPU
		{D1D4F927-E215-4117-9BF3-582EC64AB225}.Debug|x86.Build.0 = Debug|Any CPU
		{D1D4F927-E215-4117-9BF3-582EC64AB225}.Release|Any CPU.ActiveCfg = Release|Any CPU
		{D1D4F927-E215-4117-9BF3-582EC64AB225}.Release|Any CPU.Build.0 = Release|Any CPU
		{D1D4F927-E215-4117-9BF3-582EC64AB225}.Release|x64.ActiveCfg = Release|Any CPU
		{D1D4F927-E215-4117-9BF3-582EC64AB225}.Release|x64.Build.0 = Release|Any CPU
		{D1D4F927-E215-4117-9BF3-582EC64AB225}.Release|x86.ActiveCfg = Release|Any CPU
		{D1D4F927-E215-4117-9BF3-582EC64AB225}.Release|x86.Build.0 = Release|Any CPU
		{CC1C019A-9764-4C6B-8223-7A3A9C0CE434}.Debug|Any CPU.ActiveCfg = Debug|Any CPU
		{CC1C019A-9764-4C6B-8223-7A3A9C0CE434}.Debug|Any CPU.Build.0 = Debug|Any CPU
		{CC1C019A-9764-4C6B-8223-7A3A9C0CE434}.Debug|x64.ActiveCfg = Debug|Any CPU
		{CC1C019A-9764-4C6B-8223-7A3A9C0CE434}.Debug|x64.Build.0 = Debug|Any CPU
		{CC1C019A-9764-4C6B-8223-7A3A9C0CE434}.Debug|x86.ActiveCfg = Debug|Any CPU
		{CC1C019A-9764-4C6B-8223-7A3A9C0CE434}.Debug|x86.Build.0 = Debug|Any CPU
		{CC1C019A-9764-4C6B-8223-7A3A9C0CE434}.Release|Any CPU.ActiveCfg = Release|Any CPU
		{CC1C019A-9764-4C6B-8223-7A3A9C0CE434}.Release|Any CPU.Build.0 = Release|Any CPU
		{CC1C019A-9764-4C6B-8223-7A3A9C0CE434}.Release|x64.ActiveCfg = Release|Any CPU
		{CC1C019A-9764-4C6B-8223-7A3A9C0CE434}.Release|x64.Build.0 = Release|Any CPU
		{CC1C019A-9764-4C6B-8223-7A3A9C0CE434}.Release|x86.ActiveCfg = Release|Any CPU
		{CC1C019A-9764-4C6B-8223-7A3A9C0CE434}.Release|x86.Build.0 = Release|Any CPU
		{1937C839-3432-42CE-B3F2-B3F4E0CAAB38}.Debug|Any CPU.ActiveCfg = Debug|Any CPU
		{1937C839-3432-42CE-B3F2-B3F4E0CAAB38}.Debug|Any CPU.Build.0 = Debug|Any CPU
		{1937C839-3432-42CE-B3F2-B3F4E0CAAB38}.Debug|x64.ActiveCfg = Debug|Any CPU
		{1937C839-3432-42CE-B3F2-B3F4E0CAAB38}.Debug|x64.Build.0 = Debug|Any CPU
		{1937C839-3432-42CE-B3F2-B3F4E0CAAB38}.Debug|x86.ActiveCfg = Debug|Any CPU
		{1937C839-3432-42CE-B3F2-B3F4E0CAAB38}.Debug|x86.Build.0 = Debug|Any CPU
		{1937C839-3432-42CE-B3F2-B3F4E0CAAB38}.Release|Any CPU.ActiveCfg = Release|Any CPU
		{1937C839-3432-42CE-B3F2-B3F4E0CAAB38}.Release|Any CPU.Build.0 = Release|Any CPU
		{1937C839-3432-42CE-B3F2-B3F4E0CAAB38}.Release|x64.ActiveCfg = Release|Any CPU
		{1937C839-3432-42CE-B3F2-B3F4E0CAAB38}.Release|x64.Build.0 = Release|Any CPU
		{1937C839-3432-42CE-B3F2-B3F4E0CAAB38}.Release|x86.ActiveCfg = Release|Any CPU
		{1937C839-3432-42CE-B3F2-B3F4E0CAAB38}.Release|x86.Build.0 = Release|Any CPU
		{56AA4DB0-48D3-491A-83A4-187761F057CB}.Debug|Any CPU.ActiveCfg = Debug|Any CPU
		{56AA4DB0-48D3-491A-83A4-187761F057CB}.Debug|Any CPU.Build.0 = Debug|Any CPU
		{56AA4DB0-48D3-491A-83A4-187761F057CB}.Debug|x64.ActiveCfg = Debug|Any CPU
		{56AA4DB0-48D3-491A-83A4-187761F057CB}.Debug|x64.Build.0 = Debug|Any CPU
		{56AA4DB0-48D3-491A-83A4-187761F057CB}.Debug|x86.ActiveCfg = Debug|Any CPU
		{56AA4DB0-48D3-491A-83A4-187761F057CB}.Debug|x86.Build.0 = Debug|Any CPU
		{56AA4DB0-48D3-491A-83A4-187761F057CB}.Release|Any CPU.ActiveCfg = Release|Any CPU
		{56AA4DB0-48D3-491A-83A4-187761F057CB}.Release|Any CPU.Build.0 = Release|Any CPU
		{56AA4DB0-48D3-491A-83A4-187761F057CB}.Release|x64.ActiveCfg = Release|Any CPU
		{56AA4DB0-48D3-491A-83A4-187761F057CB}.Release|x64.Build.0 = Release|Any CPU
		{56AA4DB0-48D3-491A-83A4-187761F057CB}.Release|x86.ActiveCfg = Release|Any CPU
		{56AA4DB0-48D3-491A-83A4-187761F057CB}.Release|x86.Build.0 = Release|Any CPU
		{65E6A034-CE6D-4877-9369-04813D82023C}.Debug|Any CPU.ActiveCfg = Debug|Any CPU
		{65E6A034-CE6D-4877-9369-04813D82023C}.Debug|Any CPU.Build.0 = Debug|Any CPU
		{65E6A034-CE6D-4877-9369-04813D82023C}.Debug|x64.ActiveCfg = Debug|Any CPU
		{65E6A034-CE6D-4877-9369-04813D82023C}.Debug|x64.Build.0 = Debug|Any CPU
		{65E6A034-CE6D-4877-9369-04813D82023C}.Debug|x86.ActiveCfg = Debug|Any CPU
		{65E6A034-CE6D-4877-9369-04813D82023C}.Debug|x86.Build.0 = Debug|Any CPU
		{65E6A034-CE6D-4877-9369-04813D82023C}.Release|Any CPU.ActiveCfg = Release|Any CPU
		{65E6A034-CE6D-4877-9369-04813D82023C}.Release|Any CPU.Build.0 = Release|Any CPU
		{65E6A034-CE6D-4877-9369-04813D82023C}.Release|x64.ActiveCfg = Release|Any CPU
		{65E6A034-CE6D-4877-9369-04813D82023C}.Release|x64.Build.0 = Release|Any CPU
		{65E6A034-CE6D-4877-9369-04813D82023C}.Release|x86.ActiveCfg = Release|Any CPU
		{65E6A034-CE6D-4877-9369-04813D82023C}.Release|x86.Build.0 = Release|Any CPU
		{39B7F0A6-52C4-48F7-B30B-95B589602AAD}.Debug|Any CPU.ActiveCfg = Debug|Any CPU
		{39B7F0A6-52C4-48F7-B30B-95B589602AAD}.Debug|Any CPU.Build.0 = Debug|Any CPU
		{39B7F0A6-52C4-48F7-B30B-95B589602AAD}.Debug|x64.ActiveCfg = Debug|Any CPU
		{39B7F0A6-52C4-48F7-B30B-95B589602AAD}.Debug|x64.Build.0 = Debug|Any CPU
		{39B7F0A6-52C4-48F7-B30B-95B589602AAD}.Debug|x86.ActiveCfg = Debug|Any CPU
		{39B7F0A6-52C4-48F7-B30B-95B589602AAD}.Debug|x86.Build.0 = Debug|Any CPU
		{39B7F0A6-52C4-48F7-B30B-95B589602AAD}.Release|Any CPU.ActiveCfg = Release|Any CPU
		{39B7F0A6-52C4-48F7-B30B-95B589602AAD}.Release|Any CPU.Build.0 = Release|Any CPU
		{39B7F0A6-52C4-48F7-B30B-95B589602AAD}.Release|x64.ActiveCfg = Release|Any CPU
		{39B7F0A6-52C4-48F7-B30B-95B589602AAD}.Release|x64.Build.0 = Release|Any CPU
		{39B7F0A6-52C4-48F7-B30B-95B589602AAD}.Release|x86.ActiveCfg = Release|Any CPU
		{39B7F0A6-52C4-48F7-B30B-95B589602AAD}.Release|x86.Build.0 = Release|Any CPU
		{86BE54FC-E735-46FB-B8EE-66336C424FED}.Debug|Any CPU.ActiveCfg = Debug|Any CPU
		{86BE54FC-E735-46FB-B8EE-66336C424FED}.Debug|Any CPU.Build.0 = Debug|Any CPU
		{86BE54FC-E735-46FB-B8EE-66336C424FED}.Debug|x64.ActiveCfg = Debug|Any CPU
		{86BE54FC-E735-46FB-B8EE-66336C424FED}.Debug|x64.Build.0 = Debug|Any CPU
		{86BE54FC-E735-46FB-B8EE-66336C424FED}.Debug|x86.ActiveCfg = Debug|Any CPU
		{86BE54FC-E735-46FB-B8EE-66336C424FED}.Debug|x86.Build.0 = Debug|Any CPU
		{86BE54FC-E735-46FB-B8EE-66336C424FED}.Release|Any CPU.ActiveCfg = Release|Any CPU
		{86BE54FC-E735-46FB-B8EE-66336C424FED}.Release|Any CPU.Build.0 = Release|Any CPU
		{86BE54FC-E735-46FB-B8EE-66336C424FED}.Release|x64.ActiveCfg = Release|Any CPU
		{86BE54FC-E735-46FB-B8EE-66336C424FED}.Release|x64.Build.0 = Release|Any CPU
		{86BE54FC-E735-46FB-B8EE-66336C424FED}.Release|x86.ActiveCfg = Release|Any CPU
		{86BE54FC-E735-46FB-B8EE-66336C424FED}.Release|x86.Build.0 = Release|Any CPU
		{E39A4934-0412-47D4-A735-CE45DC2BD3FE}.Debug|Any CPU.ActiveCfg = Debug|Any CPU
		{E39A4934-0412-47D4-A735-CE45DC2BD3FE}.Debug|Any CPU.Build.0 = Debug|Any CPU
		{E39A4934-0412-47D4-A735-CE45DC2BD3FE}.Debug|x64.ActiveCfg = Debug|Any CPU
		{E39A4934-0412-47D4-A735-CE45DC2BD3FE}.Debug|x64.Build.0 = Debug|Any CPU
		{E39A4934-0412-47D4-A735-CE45DC2BD3FE}.Debug|x86.ActiveCfg = Debug|Any CPU
		{E39A4934-0412-47D4-A735-CE45DC2BD3FE}.Debug|x86.Build.0 = Debug|Any CPU
		{E39A4934-0412-47D4-A735-CE45DC2BD3FE}.Release|Any CPU.ActiveCfg = Release|Any CPU
		{E39A4934-0412-47D4-A735-CE45DC2BD3FE}.Release|Any CPU.Build.0 = Release|Any CPU
		{E39A4934-0412-47D4-A735-CE45DC2BD3FE}.Release|x64.ActiveCfg = Release|Any CPU
		{E39A4934-0412-47D4-A735-CE45DC2BD3FE}.Release|x64.Build.0 = Release|Any CPU
		{E39A4934-0412-47D4-A735-CE45DC2BD3FE}.Release|x86.ActiveCfg = Release|Any CPU
		{E39A4934-0412-47D4-A735-CE45DC2BD3FE}.Release|x86.Build.0 = Release|Any CPU
		{E9D8F4BB-36AB-4C6D-9631-5954C5D4F4D6}.Debug|Any CPU.ActiveCfg = Debug|Any CPU
		{E9D8F4BB-36AB-4C6D-9631-5954C5D4F4D6}.Debug|Any CPU.Build.0 = Debug|Any CPU
		{E9D8F4BB-36AB-4C6D-9631-5954C5D4F4D6}.Debug|x64.ActiveCfg = Debug|Any CPU
		{E9D8F4BB-36AB-4C6D-9631-5954C5D4F4D6}.Debug|x64.Build.0 = Debug|Any CPU
		{E9D8F4BB-36AB-4C6D-9631-5954C5D4F4D6}.Debug|x86.ActiveCfg = Debug|Any CPU
		{E9D8F4BB-36AB-4C6D-9631-5954C5D4F4D6}.Debug|x86.Build.0 = Debug|Any CPU
		{E9D8F4BB-36AB-4C6D-9631-5954C5D4F4D6}.Release|Any CPU.ActiveCfg = Release|Any CPU
		{E9D8F4BB-36AB-4C6D-9631-5954C5D4F4D6}.Release|Any CPU.Build.0 = Release|Any CPU
		{E9D8F4BB-36AB-4C6D-9631-5954C5D4F4D6}.Release|x64.ActiveCfg = Release|Any CPU
		{E9D8F4BB-36AB-4C6D-9631-5954C5D4F4D6}.Release|x64.Build.0 = Release|Any CPU
		{E9D8F4BB-36AB-4C6D-9631-5954C5D4F4D6}.Release|x86.ActiveCfg = Release|Any CPU
		{E9D8F4BB-36AB-4C6D-9631-5954C5D4F4D6}.Release|x86.Build.0 = Release|Any CPU
		{7013ED6F-BDF8-4A41-A3D8-26FB2CFB2EEA}.Debug|Any CPU.ActiveCfg = Debug|Any CPU
		{7013ED6F-BDF8-4A41-A3D8-26FB2CFB2EEA}.Debug|Any CPU.Build.0 = Debug|Any CPU
		{7013ED6F-BDF8-4A41-A3D8-26FB2CFB2EEA}.Debug|x64.ActiveCfg = Debug|Any CPU
		{7013ED6F-BDF8-4A41-A3D8-26FB2CFB2EEA}.Debug|x64.Build.0 = Debug|Any CPU
		{7013ED6F-BDF8-4A41-A3D8-26FB2CFB2EEA}.Debug|x86.ActiveCfg = Debug|Any CPU
		{7013ED6F-BDF8-4A41-A3D8-26FB2CFB2EEA}.Debug|x86.Build.0 = Debug|Any CPU
		{7013ED6F-BDF8-4A41-A3D8-26FB2CFB2EEA}.Release|Any CPU.ActiveCfg = Release|Any CPU
		{7013ED6F-BDF8-4A41-A3D8-26FB2CFB2EEA}.Release|Any CPU.Build.0 = Release|Any CPU
		{7013ED6F-BDF8-4A41-A3D8-26FB2CFB2EEA}.Release|x64.ActiveCfg = Release|Any CPU
		{7013ED6F-BDF8-4A41-A3D8-26FB2CFB2EEA}.Release|x64.Build.0 = Release|Any CPU
		{7013ED6F-BDF8-4A41-A3D8-26FB2CFB2EEA}.Release|x86.ActiveCfg = Release|Any CPU
		{7013ED6F-BDF8-4A41-A3D8-26FB2CFB2EEA}.Release|x86.Build.0 = Release|Any CPU
		{37CBA111-0F8E-4C0D-BFE5-60C50C63AB7B}.Debug|Any CPU.ActiveCfg = Debug|Any CPU
		{37CBA111-0F8E-4C0D-BFE5-60C50C63AB7B}.Debug|Any CPU.Build.0 = Debug|Any CPU
		{37CBA111-0F8E-4C0D-BFE5-60C50C63AB7B}.Debug|x64.ActiveCfg = Debug|Any CPU
		{37CBA111-0F8E-4C0D-BFE5-60C50C63AB7B}.Debug|x64.Build.0 = Debug|Any CPU
		{37CBA111-0F8E-4C0D-BFE5-60C50C63AB7B}.Debug|x86.ActiveCfg = Debug|Any CPU
		{37CBA111-0F8E-4C0D-BFE5-60C50C63AB7B}.Debug|x86.Build.0 = Debug|Any CPU
		{37CBA111-0F8E-4C0D-BFE5-60C50C63AB7B}.Release|Any CPU.ActiveCfg = Release|Any CPU
		{37CBA111-0F8E-4C0D-BFE5-60C50C63AB7B}.Release|Any CPU.Build.0 = Release|Any CPU
		{37CBA111-0F8E-4C0D-BFE5-60C50C63AB7B}.Release|x64.ActiveCfg = Release|Any CPU
		{37CBA111-0F8E-4C0D-BFE5-60C50C63AB7B}.Release|x64.Build.0 = Release|Any CPU
		{37CBA111-0F8E-4C0D-BFE5-60C50C63AB7B}.Release|x86.ActiveCfg = Release|Any CPU
		{37CBA111-0F8E-4C0D-BFE5-60C50C63AB7B}.Release|x86.Build.0 = Release|Any CPU
	EndGlobalSection
	GlobalSection(SolutionProperties) = preSolution
		HideSolutionNode = FALSE
	EndGlobalSection
	GlobalSection(NestedProjects) = preSolution
		{D1D4F927-E215-4117-9BF3-582EC64AB225} = {827E0CD3-B72D-47B6-A68D-7590B98EB39B}
		{CC1C019A-9764-4C6B-8223-7A3A9C0CE434} = {827E0CD3-B72D-47B6-A68D-7590B98EB39B}
		{1937C839-3432-42CE-B3F2-B3F4E0CAAB38} = {827E0CD3-B72D-47B6-A68D-7590B98EB39B}
		{56AA4DB0-48D3-491A-83A4-187761F057CB} = {827E0CD3-B72D-47B6-A68D-7590B98EB39B}
		{65E6A034-CE6D-4877-9369-04813D82023C} = {827E0CD3-B72D-47B6-A68D-7590B98EB39B}
		{39B7F0A6-52C4-48F7-B30B-95B589602AAD} = {827E0CD3-B72D-47B6-A68D-7590B98EB39B}
		{86BE54FC-E735-46FB-B8EE-66336C424FED} = {827E0CD3-B72D-47B6-A68D-7590B98EB39B}
		{E39A4934-0412-47D4-A735-CE45DC2BD3FE} = {827E0CD3-B72D-47B6-A68D-7590B98EB39B}
		{E9D8F4BB-36AB-4C6D-9631-5954C5D4F4D6} = {827E0CD3-B72D-47B6-A68D-7590B98EB39B}
		{7013ED6F-BDF8-4A41-A3D8-26FB2CFB2EEA} = {827E0CD3-B72D-47B6-A68D-7590B98EB39B}
		{37CBA111-0F8E-4C0D-BFE5-60C50C63AB7B} = {827E0CD3-B72D-47B6-A68D-7590B98EB39B}
	EndGlobalSection
EndGlobal
